<?xml version="1.0" encoding="utf-8"?>
<Project ToolsVersion="4.0" xmlns="http://schemas.microsoft.com/developer/msbuild/2003">
  <ItemGroup>
    <Filter Include="Project1">
      <UniqueIdentifier>{4FC737F1-C7A5-4376-A066-2A32D752A2FF}</UniqueIdentifier>
      <Extensions>cpp;c;cc;cxx;def;odl;idl;hpj;bat;asm;asmx</Extensions>
    </Filter>
    <Filter Include="Glory">
      <UniqueIdentifier>{91b5b702-c836-4c7e-8579-bdb383479dec}</UniqueIdentifier>
    </Filter>
    <Filter Include="Utils">
      <UniqueIdentifier>{4f1aef03-b79e-4ab3-9a60-8993cf14beb3}</UniqueIdentifier>
    </Filter>
    <Filter Include="Project1\Scene">
      <UniqueIdentifier>{e67af623-67f7-4380-9c54-2e05021543de}</UniqueIdentifier>
    </Filter>
  </ItemGroup>
  <ItemGroup>
    <ClInclude Include="stdafx.h">
      <Filter>Project1</Filter>
    </ClInclude>
    <ClInclude Include="targetver.h">
      <Filter>Project1</Filter>
    </ClInclude>
    <ClInclude Include="GScene.h">
      <Filter>Glory</Filter>
    </ClInclude>
    <ClInclude Include="GTransform.h">
      <Filter>Glory</Filter>
    </ClInclude>
    <ClInclude Include="GObject.h">
      <Filter>Glory</Filter>
    </ClInclude>
    <ClInclude Include="GameScene.h">
      <Filter>Project1\Scene</Filter>
    </ClInclude>
    <ClInclude Include="GPolyhedron.h">
      <Filter>Glory</Filter>
    </ClInclude>
  </ItemGroup>
  <ItemGroup>
    <ClCompile Include="stdafx.cpp">
      <Filter>Project1</Filter>
    </ClCompile>
    <ClCompile Include="GApp.cpp">
      <Filter>Glory</Filter>
    </ClCompile>
    <ClCompile Include="GApp.h">
      <Filter>Glory</Filter>
    </ClCompile>
    <ClCompile Include="GScene.cpp">
      <Filter>Glory</Filter>
    </ClCompile>
    <ClCompile Include="GObject.cpp">
      <Filter>Glory</Filter>
    </ClCompile>
    <ClCompile Include="main.cpp">
      <Filter>Project1</Filter>
    </ClCompile>
    <ClCompile Include="GameScene.cpp">
      <Filter>Project1\Scene</Filter>
    </ClCompile>
  </ItemGroup>
</Project>